
Microsoft Visual Studio Solution File, Format Version 12.00
# Visual Studio Version 17
Project("{2150E333-8FDC-42A3-9474-1A3956D46DE8}") = "CMakePredefinedTargets", "CMakePredefinedTargets", "{C3CAAB3D-4C1C-3631-89E0-80A63343B5BE}"
EndProject
Project("{2150E333-8FDC-42A3-9474-1A3956D46DE8}") = "External", "External", "{3DC6B2DC-19C6-3D89-A425-1D0B7213B4F9}"
EndProject
Project("{2150E333-8FDC-42A3-9474-1A3956D46DE8}") = "Internal", "Internal", "{93C642F9-9E86-3F26-B2EE-D4FFD0B96292}"
EndProject
Project("{2150E333-8FDC-42A3-9474-1A3956D46DE8}") = "Utils", "Utils", "{FF1F7234-2382-3F71-A597-23907836BD60}"
EndProject
Project("{8BC9CEB8-8B4A-11D0-8D11-00A0C91BC942}") = "ALL_BUILD", "ALL_BUILD.vcxproj", "{4C132D53-19C8-32DE-9F51-3F7728E96AEA}"
	ProjectSection(ProjectDependencies) = postProject
		{28402E56-0428-3749-89AD-0A18221FFF33} = {28402E56-0428-3749-89AD-0A18221FFF33}
		{62A1DB53-89E1-3859-BF37-DB3B505D8FBC} = {62A1DB53-89E1-3859-BF37-DB3B505D8FBC}
		{20DC55DD-3D6F-32F9-A49A-9D925B725F60} = {20DC55DD-3D6F-32F9-A49A-9D925B725F60}
		{CD8A8C3E-4BA1-321A-B282-80FD2B871204} = {CD8A8C3E-4BA1-321A-B282-80FD2B871204}
		{2224102E-E7C4-3E7A-85E0-644A368DCD06} = {2224102E-E7C4-3E7A-85E0-644A368DCD06}
		{760B7056-7455-3774-9E42-ABB39D650231} = {760B7056-7455-3774-9E42-ABB39D650231}
		{C0553E75-F600-33B9-B7E4-5805F83CBA8D} = {C0553E75-F600-33B9-B7E4-5805F83CBA8D}
		{75D64595-648C-3AF1-8DD0-C42D49CBA673} = {75D64595-648C-3AF1-8DD0-C42D49CBA673}
		{9FB2642F-D457-3771-A49B-DD20DB1BF549} = {9FB2642F-D457-3771-A49B-DD20DB1BF549}
		{80010923-075B-3C9B-8C2E-354C84B45E23} = {80010923-075B-3C9B-8C2E-354C84B45E23}
		{A64B386E-5597-35F2-8540-5F6CAF566D88} = {A64B386E-5597-35F2-8540-5F6CAF566D88}
		{D7F7AA28-30B3-3C12-B043-9A65B7C787B1} = {D7F7AA28-30B3-3C12-B043-9A65B7C787B1}
		{2BF03A65-EB89-33E9-B7DF-3D5C905B93CA} = {2BF03A65-EB89-33E9-B7DF-3D5C905B93CA}
		{D8ED7B51-990C-3890-B68A-B3197B87255D} = {D8ED7B51-990C-3890-B68A-B3197B87255D}
		{52C9EC44-1F1C-3987-BC50-A51A7A084BC5} = {52C9EC44-1F1C-3987-BC50-A51A7A084BC5}
	EndProjectSection
EndProject
Project("{8BC9CEB8-8B4A-11D0-8D11-00A0C91BC942}") = "SYNC_RESOURCE-Shooting-Survival", "SYNC_RESOURCE-Shooting-Survival.vcxproj", "{28402E56-0428-3749-89AD-0A18221FFF33}"
	ProjectSection(ProjectDependencies) = postProject
		{20DC55DD-3D6F-32F9-A49A-9D925B725F60} = {20DC55DD-3D6F-32F9-A49A-9D925B725F60}
	EndProjectSection
EndProject
Project("{8BC9CEB8-8B4A-11D0-8D11-00A0C91BC942}") = "Shooting-Survival", "Shooting-Survival.vcxproj", "{62A1DB53-89E1-3859-BF37-DB3B505D8FBC}"
	ProjectSection(ProjectDependencies) = postProject
		{28402E56-0428-3749-89AD-0A18221FFF33} = {28402E56-0428-3749-89AD-0A18221FFF33}
		{20DC55DD-3D6F-32F9-A49A-9D925B725F60} = {20DC55DD-3D6F-32F9-A49A-9D925B725F60}
		{CD8A8C3E-4BA1-321A-B282-80FD2B871204} = {CD8A8C3E-4BA1-321A-B282-80FD2B871204}
		{2224102E-E7C4-3E7A-85E0-644A368DCD06} = {2224102E-E7C4-3E7A-85E0-644A368DCD06}
		{760B7056-7455-3774-9E42-ABB39D650231} = {760B7056-7455-3774-9E42-ABB39D650231}
		{C0553E75-F600-33B9-B7E4-5805F83CBA8D} = {C0553E75-F600-33B9-B7E4-5805F83CBA8D}
		{75D64595-648C-3AF1-8DD0-C42D49CBA673} = {75D64595-648C-3AF1-8DD0-C42D49CBA673}
		{9FB2642F-D457-3771-A49B-DD20DB1BF549} = {9FB2642F-D457-3771-A49B-DD20DB1BF549}
		{80010923-075B-3C9B-8C2E-354C84B45E23} = {80010923-075B-3C9B-8C2E-354C84B45E23}
		{A64B386E-5597-35F2-8540-5F6CAF566D88} = {A64B386E-5597-35F2-8540-5F6CAF566D88}
		{D7F7AA28-30B3-3C12-B043-9A65B7C787B1} = {D7F7AA28-30B3-3C12-B043-9A65B7C787B1}
		{2BF03A65-EB89-33E9-B7DF-3D5C905B93CA} = {2BF03A65-EB89-33E9-B7DF-3D5C905B93CA}
		{D8ED7B51-990C-3890-B68A-B3197B87255D} = {D8ED7B51-990C-3890-B68A-B3197B87255D}
		{52C9EC44-1F1C-3987-BC50-A51A7A084BC5} = {52C9EC44-1F1C-3987-BC50-A51A7A084BC5}
	EndProjectSection
EndProject
Project("{8BC9CEB8-8B4A-11D0-8D11-00A0C91BC942}") = "ZERO_CHECK", "ZERO_CHECK.vcxproj", "{20DC55DD-3D6F-32F9-A49A-9D925B725F60}"
	ProjectSection(ProjectDependencies) = postProject
	EndProjectSection
EndProject
Project("{8BC9CEB8-8B4A-11D0-8D11-00A0C91BC942}") = "cocos2d", "engine\cocos\core\cocos2d.vcxproj", "{CD8A8C3E-4BA1-321A-B282-80FD2B871204}"
	ProjectSection(ProjectDependencies) = postProject
		{20DC55DD-3D6F-32F9-A49A-9D925B725F60} = {20DC55DD-3D6F-32F9-A49A-9D925B725F60}
		{2224102E-E7C4-3E7A-85E0-644A368DCD06} = {2224102E-E7C4-3E7A-85E0-644A368DCD06}
		{760B7056-7455-3774-9E42-ABB39D650231} = {760B7056-7455-3774-9E42-ABB39D650231}
		{C0553E75-F600-33B9-B7E4-5805F83CBA8D} = {C0553E75-F600-33B9-B7E4-5805F83CBA8D}
		{75D64595-648C-3AF1-8DD0-C42D49CBA673} = {75D64595-648C-3AF1-8DD0-C42D49CBA673}
		{9FB2642F-D457-3771-A49B-DD20DB1BF549} = {9FB2642F-D457-3771-A49B-DD20DB1BF549}
		{80010923-075B-3C9B-8C2E-354C84B45E23} = {80010923-075B-3C9B-8C2E-354C84B45E23}
		{A64B386E-5597-35F2-8540-5F6CAF566D88} = {A64B386E-5597-35F2-8540-5F6CAF566D88}
		{D7F7AA28-30B3-3C12-B043-9A65B7C787B1} = {D7F7AA28-30B3-3C12-B043-9A65B7C787B1}
		{2BF03A65-EB89-33E9-B7DF-3D5C905B93CA} = {2BF03A65-EB89-33E9-B7DF-3D5C905B93CA}
		{D8ED7B51-990C-3890-B68A-B3197B87255D} = {D8ED7B51-990C-3890-B68A-B3197B87255D}
		{52C9EC44-1F1C-3987-BC50-A51A7A084BC5} = {52C9EC44-1F1C-3987-BC50-A51A7A084BC5}
	EndProjectSection
EndProject
Project("{8BC9CEB8-8B4A-11D0-8D11-00A0C91BC942}") = "ext_clipper", "engine\external\clipper\ext_clipper.vcxproj", "{2224102E-E7C4-3E7A-85E0-644A368DCD06}"
	ProjectSection(ProjectDependencies) = postProject
		{20DC55DD-3D6F-32F9-A49A-9D925B725F60} = {20DC55DD-3D6F-32F9-A49A-9D925B725F60}
	EndProjectSection
EndProject
Project("{8BC9CEB8-8B4A-11D0-8D11-00A0C91BC942}") = "ext_convertUTF", "engine\external\ConvertUTF\ext_convertUTF.vcxproj", "{760B7056-7455-3774-9E42-ABB39D650231}"
	ProjectSection(ProjectDependencies) = postProject
		{20DC55DD-3D6F-32F9-A49A-9D925B725F60} = {20DC55DD-3D6F-32F9-A49A-9D925B725F60}
	EndProjectSection
EndProject
Project("{8BC9CEB8-8B4A-11D0-8D11-00A0C91BC942}") = "ext_edtaa3func", "engine\external\edtaa3func\ext_edtaa3func.vcxproj", "{C0553E75-F600-33B9-B7E4-5805F83CBA8D}"
	ProjectSection(ProjectDependencies) = postProject
		{20DC55DD-3D6F-32F9-A49A-9D925B725F60} = {20DC55DD-3D6F-32F9-A49A-9D925B725F60}
	EndProjectSection
EndProject
Project("{8BC9CEB8-8B4A-11D0-8D11-00A0C91BC942}") = "ext_md5", "engine\external\md5\ext_md5.vcxproj", "{75D64595-648C-3AF1-8DD0-C42D49CBA673}"
	ProjectSection(ProjectDependencies) = postProject
		{20DC55DD-3D6F-32F9-A49A-9D925B725F60} = {20DC55DD-3D6F-32F9-A49A-9D925B725F60}
	EndProjectSection
EndProject
Project("{8BC9CEB8-8B4A-11D0-8D11-00A0C91BC942}") = "ext_poly2tri", "engine\external\poly2tri\ext_poly2tri.vcxproj", "{9FB2642F-D457-3771-A49B-DD20DB1BF549}"
	ProjectSection(ProjectDependencies) = postProject
		{20DC55DD-3D6F-32F9-A49A-9D925B725F60} = {20DC55DD-3D6F-32F9-A49A-9D925B725F60}
	EndProjectSection
EndProject
Project("{8BC9CEB8-8B4A-11D0-8D11-00A0C91BC942}") = "ext_recast", "engine\external\recast\ext_recast.vcxproj", "{80010923-075B-3C9B-8C2E-354C84B45E23}"
	ProjectSection(ProjectDependencies) = postProject
		{20DC55DD-3D6F-32F9-A49A-9D925B725F60} = {20DC55DD-3D6F-32F9-A49A-9D925B725F60}
	EndProjectSection
EndProject
Project("{8BC9CEB8-8B4A-11D0-8D11-00A0C91BC942}") = "ext_tinyxml2", "engine\external\tinyxml2\ext_tinyxml2.vcxproj", "{A64B386E-5597-35F2-8540-5F6CAF566D88}"
	ProjectSection(ProjectDependencies) = postProject
		{20DC55DD-3D6F-32F9-A49A-9D925B725F60} = {20DC55DD-3D6F-32F9-A49A-9D925B725F60}
	EndProjectSection
EndProject
Project("{8BC9CEB8-8B4A-11D0-8D11-00A0C91BC942}") = "ext_unzip", "engine\external\unzip\ext_unzip.vcxproj", "{D7F7AA28-30B3-3C12-B043-9A65B7C787B1}"
	ProjectSection(ProjectDependencies) = postProject
		{20DC55DD-3D6F-32F9-A49A-9D925B725F60} = {20DC55DD-3D6F-32F9-A49A-9D925B725F60}
	EndProjectSection
EndProject
Project("{8BC9CEB8-8B4A-11D0-8D11-00A0C91BC942}") = "ext_xxhash", "engine\external\xxhash\ext_xxhash.vcxproj", "{2BF03A65-EB89-33E9-B7DF-3D5C905B93CA}"
	ProjectSection(ProjectDependencies) = postProject
		{20DC55DD-3D6F-32F9-A49A-9D925B725F60} = {20DC55DD-3D6F-32F9-A49A-9D925B725F60}
	EndProjectSection
EndProject
Project("{8BC9CEB8-8B4A-11D0-8D11-00A0C91BC942}") = "ext_xxtea", "engine\external\xxtea\ext_xxtea.vcxproj", "{D8ED7B51-990C-3890-B68A-B3197B87255D}"
	ProjectSection(ProjectDependencies) = postProject
		{20DC55DD-3D6F-32F9-A49A-9D925B725F60} = {20DC55DD-3D6F-32F9-A49A-9D925B725F60}
	EndProjectSection
EndProject
Project("{8BC9CEB8-8B4A-11D0-8D11-00A0C91BC942}") = "external", "engine\external\external.vcxproj", "{52C9EC44-1F1C-3987-BC50-A51A7A084BC5}"
	ProjectSection(ProjectDependencies) = postProject
		{20DC55DD-3D6F-32F9-A49A-9D925B725F60} = {20DC55DD-3D6F-32F9-A49A-9D925B725F60}
		{2224102E-E7C4-3E7A-85E0-644A368DCD06} = {2224102E-E7C4-3E7A-85E0-644A368DCD06}
		{760B7056-7455-3774-9E42-ABB39D650231} = {760B7056-7455-3774-9E42-ABB39D650231}
		{C0553E75-F600-33B9-B7E4-5805F83CBA8D} = {C0553E75-F600-33B9-B7E4-5805F83CBA8D}
		{75D64595-648C-3AF1-8DD0-C42D49CBA673} = {75D64595-648C-3AF1-8DD0-C42D49CBA673}
		{9FB2642F-D457-3771-A49B-DD20DB1BF549} = {9FB2642F-D457-3771-A49B-DD20DB1BF549}
		{80010923-075B-3C9B-8C2E-354C84B45E23} = {80010923-075B-3C9B-8C2E-354C84B45E23}
		{A64B386E-5597-35F2-8540-5F6CAF566D88} = {A64B386E-5597-35F2-8540-5F6CAF566D88}
		{D7F7AA28-30B3-3C12-B043-9A65B7C787B1} = {D7F7AA28-30B3-3C12-B043-9A65B7C787B1}
		{2BF03A65-EB89-33E9-B7DF-3D5C905B93CA} = {2BF03A65-EB89-33E9-B7DF-3D5C905B93CA}
		{D8ED7B51-990C-3890-B68A-B3197B87255D} = {D8ED7B51-990C-3890-B68A-B3197B87255D}
	EndProjectSection
EndProject
Global
	GlobalSection(SolutionConfigurationPlatforms) = preSolution
		Debug|Win32 = Debug|Win32
		Release|Win32 = Release|Win32
		MinSizeRel|Win32 = MinSizeRel|Win32
		RelWithDebInfo|Win32 = RelWithDebInfo|Win32
	EndGlobalSection
	GlobalSection(ProjectConfigurationPlatforms) = postSolution
		{4C132D53-19C8-32DE-9F51-3F7728E96AEA}.Debug|Win32.ActiveCfg = Debug|Win32
		{4C132D53-19C8-32DE-9F51-3F7728E96AEA}.Release|Win32.ActiveCfg = Release|Win32
		{4C132D53-19C8-32DE-9F51-3F7728E96AEA}.MinSizeRel|Win32.ActiveCfg = MinSizeRel|Win32
		{4C132D53-19C8-32DE-9F51-3F7728E96AEA}.RelWithDebInfo|Win32.ActiveCfg = RelWithDebInfo|Win32
		{28402E56-0428-3749-89AD-0A18221FFF33}.Debug|Win32.ActiveCfg = Debug|Win32
		{28402E56-0428-3749-89AD-0A18221FFF33}.Debug|Win32.Build.0 = Debug|Win32
		{28402E56-0428-3749-89AD-0A18221FFF33}.Release|Win32.ActiveCfg = Release|Win32
		{28402E56-0428-3749-89AD-0A18221FFF33}.Release|Win32.Build.0 = Release|Win32
		{28402E56-0428-3749-89AD-0A18221FFF33}.MinSizeRel|Win32.ActiveCfg = MinSizeRel|Win32
		{28402E56-0428-3749-89AD-0A18221FFF33}.MinSizeRel|Win32.Build.0 = MinSizeRel|Win32
		{28402E56-0428-3749-89AD-0A18221FFF33}.RelWithDebInfo|Win32.ActiveCfg = RelWithDebInfo|Win32
		{28402E56-0428-3749-89AD-0A18221FFF33}.RelWithDebInfo|Win32.Build.0 = RelWithDebInfo|Win32
		{62A1DB53-89E1-3859-BF37-DB3B505D8FBC}.Debug|Win32.ActiveCfg = Debug|Win32
		{62A1DB53-89E1-3859-BF37-DB3B505D8FBC}.Debug|Win32.Build.0 = Debug|Win32
		{62A1DB53-89E1-3859-BF37-DB3B505D8FBC}.Release|Win32.ActiveCfg = Release|Win32
		{62A1DB53-89E1-3859-BF37-DB3B505D8FBC}.Release|Win32.Build.0 = Release|Win32
		{62A1DB53-89E1-3859-BF37-DB3B505D8FBC}.MinSizeRel|Win32.ActiveCfg = MinSizeRel|Win32
		{62A1DB53-89E1-3859-BF37-DB3B505D8FBC}.MinSizeRel|Win32.Build.0 = MinSizeRel|Win32
		{62A1DB53-89E1-3859-BF37-DB3B505D8FBC}.RelWithDebInfo|Win32.ActiveCfg = RelWithDebInfo|Win32
		{62A1DB53-89E1-3859-BF37-DB3B505D8FBC}.RelWithDebInfo|Win32.Build.0 = RelWithDebInfo|Win32
		{20DC55DD-3D6F-32F9-A49A-9D925B725F60}.Debug|Win32.ActiveCfg = Debug|Win32
		{20DC55DD-3D6F-32F9-A49A-9D925B725F60}.Debug|Win32.Build.0 = Debug|Win32
		{20DC55DD-3D6F-32F9-A49A-9D925B725F60}.Release|Win32.ActiveCfg = Release|Win32
		{20DC55DD-3D6F-32F9-A49A-9D925B725F60}.Release|Win32.Build.0 = Release|Win32
		{20DC55DD-3D6F-32F9-A49A-9D925B725F60}.MinSizeRel|Win32.ActiveCfg = MinSizeRel|Win32
		{20DC55DD-3D6F-32F9-A49A-9D925B725F60}.MinSizeRel|Win32.Build.0 = MinSizeRel|Win32
		{20DC55DD-3D6F-32F9-A49A-9D925B725F60}.RelWithDebInfo|Win32.ActiveCfg = RelWithDebInfo|Win32
		{20DC55DD-3D6F-32F9-A49A-9D925B725F60}.RelWithDebInfo|Win32.Build.0 = RelWithDebInfo|Win32
		{CD8A8C3E-4BA1-321A-B282-80FD2B871204}.Debug|Win32.ActiveCfg = Debug|Win32
		{CD8A8C3E-4BA1-321A-B282-80FD2B871204}.Debug|Win32.Build.0 = Debug|Win32
		{CD8A8C3E-4BA1-321A-B282-80FD2B871204}.Release|Win32.ActiveCfg = Release|Win32
		{CD8A8C3E-4BA1-321A-B282-80FD2B871204}.Release|Win32.Build.0 = Release|Win32
		{CD8A8C3E-4BA1-321A-B282-80FD2B871204}.MinSizeRel|Win32.ActiveCfg = MinSizeRel|Win32
		{CD8A8C3E-4BA1-321A-B282-80FD2B871204}.MinSizeRel|Win32.Build.0 = MinSizeRel|Win32
		{CD8A8C3E-4BA1-321A-B282-80FD2B871204}.RelWithDebInfo|Win32.ActiveCfg = RelWithDebInfo|Win32
		{CD8A8C3E-4BA1-321A-B282-80FD2B871204}.RelWithDebInfo|Win32.Build.0 = RelWithDebInfo|Win32
		{2224102E-E7C4-3E7A-85E0-644A368DCD06}.Debug|Win32.ActiveCfg = Debug|Win32
		{2224102E-E7C4-3E7A-85E0-644A368DCD06}.Debug|Win32.Build.0 = Debug|Win32
		{2224102E-E7C4-3E7A-85E0-644A368DCD06}.Release|Win32.ActiveCfg = Release|Win32
		{2224102E-E7C4-3E7A-85E0-644A368DCD06}.Release|Win32.Build.0 = Release|Win32
		{2224102E-E7C4-3E7A-85E0-644A368DCD06}.MinSizeRel|Win32.ActiveCfg = MinSizeRel|Win32
		{2224102E-E7C4-3E7A-85E0-644A368DCD06}.MinSizeRel|Win32.Build.0 = MinSizeRel|Win32
		{2224102E-E7C4-3E7A-85E0-644A368DCD06}.RelWithDebInfo|Win32.ActiveCfg = RelWithDebInfo|Win32
		{2224102E-E7C4-3E7A-85E0-644A368DCD06}.RelWithDebInfo|Win32.Build.0 = RelWithDebInfo|Win32
		{760B7056-7455-3774-9E42-ABB39D650231}.Debug|Win32.ActiveCfg = Debug|Win32
		{760B7056-7455-3774-9E42-ABB39D650231}.Debug|Win32.Build.0 = Debug|Win32
		{760B7056-7455-3774-9E42-ABB39D650231}.Release|Win32.ActiveCfg = Release|Win32
		{760B7056-7455-3774-9E42-ABB39D650231}.Release|Win32.Build.0 = Release|Win32
		{760B7056-7455-3774-9E42-ABB39D650231}.MinSizeRel|Win32.ActiveCfg = MinSizeRel|Win32
		{760B7056-7455-3774-9E42-ABB39D650231}.MinSizeRel|Win32.Build.0 = MinSizeRel|Win32
		{760B7056-7455-3774-9E42-ABB39D650231}.RelWithDebInfo|Win32.ActiveCfg = RelWithDebInfo|Win32
		{760B7056-7455-3774-9E42-ABB39D650231}.RelWithDebInfo|Win32.Build.0 = RelWithDebInfo|Win32
		{C0553E75-F600-33B9-B7E4-5805F83CBA8D}.Debug|Win32.ActiveCfg = Debug|Win32
		{C0553E75-F600-33B9-B7E4-5805F83CBA8D}.Debug|Win32.Build.0 = Debug|Win32
		{C0553E75-F600-33B9-B7E4-5805F83CBA8D}.Release|Win32.ActiveCfg = Release|Win32
		{C0553E75-F600-33B9-B7E4-5805F83CBA8D}.Release|Win32.Build.0 = Release|Win32
		{C0553E75-F600-33B9-B7E4-5805F83CBA8D}.MinSizeRel|Win32.ActiveCfg = MinSizeRel|Win32
		{C0553E75-F600-33B9-B7E4-5805F83CBA8D}.MinSizeRel|Win32.Build.0 = MinSizeRel|Win32
		{C0553E75-F600-33B9-B7E4-5805F83CBA8D}.RelWithDebInfo|Win32.ActiveCfg = RelWithDebInfo|Win32
		{C0553E75-F600-33B9-B7E4-5805F83CBA8D}.RelWithDebInfo|Win32.Build.0 = RelWithDebInfo|Win32
		{75D64595-648C-3AF1-8DD0-C42D49CBA673}.Debug|Win32.ActiveCfg = Debug|Win32
		{75D64595-648C-3AF1-8DD0-C42D49CBA673}.Debug|Win32.Build.0 = Debug|Win32
		{75D64595-648C-3AF1-8DD0-C42D49CBA673}.Release|Win32.ActiveCfg = Release|Win32
		{75D64595-648C-3AF1-8DD0-C42D49CBA673}.Release|Win32.Build.0 = Release|Win32
		{75D64595-648C-3AF1-8DD0-C42D49CBA673}.MinSizeRel|Win32.ActiveCfg = MinSizeRel|Win32
		{75D64595-648C-3AF1-8DD0-C42D49CBA673}.MinSizeRel|Win32.Build.0 = MinSizeRel|Win32
		{75D64595-648C-3AF1-8DD0-C42D49CBA673}.RelWithDebInfo|Win32.ActiveCfg = RelWithDebInfo|Win32
		{75D64595-648C-3AF1-8DD0-C42D49CBA673}.RelWithDebInfo|Win32.Build.0 = RelWithDebInfo|Win32
		{9FB2642F-D457-3771-A49B-DD20DB1BF549}.Debug|Win32.ActiveCfg = Debug|Win32
		{9FB2642F-D457-3771-A49B-DD20DB1BF549}.Debug|Win32.Build.0 = Debug|Win32
		{9FB2642F-D457-3771-A49B-DD20DB1BF549}.Release|Win32.ActiveCfg = Release|Win32
		{9FB2642F-D457-3771-A49B-DD20DB1BF549}.Release|Win32.Build.0 = Release|Win32
		{9FB2642F-D457-3771-A49B-DD20DB1BF549}.MinSizeRel|Win32.ActiveCfg = MinSizeRel|Win32
		{9FB2642F-D457-3771-A49B-DD20DB1BF549}.MinSizeRel|Win32.Build.0 = MinSizeRel|Win32
		{9FB2642F-D457-3771-A49B-DD20DB1BF549}.RelWithDebInfo|Win32.ActiveCfg = RelWithDebInfo|Win32
		{9FB2642F-D457-3771-A49B-DD20DB1BF549}.RelWithDebInfo|Win32.Build.0 = RelWithDebInfo|Win32
		{80010923-075B-3C9B-8C2E-354C84B45E23}.Debug|Win32.ActiveCfg = Debug|Win32
		{80010923-075B-3C9B-8C2E-354C84B45E23}.Debug|Win32.Build.0 = Debug|Win32
		{80010923-075B-3C9B-8C2E-354C84B45E23}.Release|Win32.ActiveCfg = Release|Win32
		{80010923-075B-3C9B-8C2E-354C84B45E23}.Release|Win32.Build.0 = Release|Win32
		{80010923-075B-3C9B-8C2E-354C84B45E23}.MinSizeRel|Win32.ActiveCfg = MinSizeRel|Win32
		{80010923-075B-3C9B-8C2E-354C84B45E23}.MinSizeRel|Win32.Build.0 = MinSizeRel|Win32
		{80010923-075B-3C9B-8C2E-354C84B45E23}.RelWithDebInfo|Win32.ActiveCfg = RelWithDebInfo|Win32
		{80010923-075B-3C9B-8C2E-354C84B45E23}.RelWithDebInfo|Win32.Build.0 = RelWithDebInfo|Win32
		{A64B386E-5597-35F2-8540-5F6CAF566D88}.Debug|Win32.ActiveCfg = Debug|Win32
		{A64B386E-5597-35F2-8540-5F6CAF566D88}.Debug|Win32.Build.0 = Debug|Win32
		{A64B386E-5597-35F2-8540-5F6CAF566D88}.Release|Win32.ActiveCfg = Release|Win32
		{A64B386E-5597-35F2-8540-5F6CAF566D88}.Release|Win32.Build.0 = Release|Win32
		{A64B386E-5597-35F2-8540-5F6CAF566D88}.MinSizeRel|Win32.ActiveCfg = MinSizeRel|Win32
		{A64B386E-5597-35F2-8540-5F6CAF566D88}.MinSizeRel|Win32.Build.0 = MinSizeRel|Win32
		{A64B386E-5597-35F2-8540-5F6CAF566D88}.RelWithDebInfo|Win32.ActiveCfg = RelWithDebInfo|Win32
		{A64B386E-5597-35F2-8540-5F6CAF566D88}.RelWithDebInfo|Win32.Build.0 = RelWithDebInfo|Win32
		{D7F7AA28-30B3-3C12-B043-9A65B7C787B1}.Debug|Win32.ActiveCfg = Debug|Win32
		{D7F7AA28-30B3-3C12-B043-9A65B7C787B1}.Debug|Win32.Build.0 = Debug|Win32
		{D7F7AA28-30B3-3C12-B043-9A65B7C787B1}.Release|Win32.ActiveCfg = Release|Win32
		{D7F7AA28-30B3-3C12-B043-9A65B7C787B1}.Release|Win32.Build.0 = Release|Win32
		{D7F7AA28-30B3-3C12-B043-9A65B7C787B1}.MinSizeRel|Win32.ActiveCfg = MinSizeRel|Win32
		{D7F7AA28-30B3-3C12-B043-9A65B7C787B1}.MinSizeRel|Win32.Build.0 = MinSizeRel|Win32
		{D7F7AA28-30B3-3C12-B043-9A65B7C787B1}.RelWithDebInfo|Win32.ActiveCfg = RelWithDebInfo|Win32
		{D7F7AA28-30B3-3C12-B043-9A65B7C787B1}.RelWithDebInfo|Win32.Build.0 = RelWithDebInfo|Win32
		{2BF03A65-EB89-33E9-B7DF-3D5C905B93CA}.Debug|Win32.ActiveCfg = Debug|Win32
		{2BF03A65-EB89-33E9-B7DF-3D5C905B93CA}.Debug|Win32.Build.0 = Debug|Win32
		{2BF03A65-EB89-33E9-B7DF-3D5C905B93CA}.Release|Win32.ActiveCfg = Release|Win32
		{2BF03A65-EB89-33E9-B7DF-3D5C905B93CA}.Release|Win32.Build.0 = Release|Win32
		{2BF03A65-EB89-33E9-B7DF-3D5C905B93CA}.MinSizeRel|Win32.ActiveCfg = MinSizeRel|Win32
		{2BF03A65-EB89-33E9-B7DF-3D5C905B93CA}.MinSizeRel|Win32.Build.0 = MinSizeRel|Win32
		{2BF03A65-EB89-33E9-B7DF-3D5C905B93CA}.RelWithDebInfo|Win32.ActiveCfg = RelWithDebInfo|Win32
		{2BF03A65-EB89-33E9-B7DF-3D5C905B93CA}.RelWithDebInfo|Win32.Build.0 = RelWithDebInfo|Win32
		{D8ED7B51-990C-3890-B68A-B3197B87255D}.Debug|Win32.ActiveCfg = Debug|Win32
		{D8ED7B51-990C-3890-B68A-B3197B87255D}.Debug|Win32.Build.0 = Debug|Win32
		{D8ED7B51-990C-3890-B68A-B3197B87255D}.Release|Win32.ActiveCfg = Release|Win32
		{D8ED7B51-990C-3890-B68A-B3197B87255D}.Release|Win32.Build.0 = Release|Win32
		{D8ED7B51-990C-3890-B68A-B3197B87255D}.MinSizeRel|Win32.ActiveCfg = MinSizeRel|Win32
		{D8ED7B51-990C-3890-B68A-B3197B87255D}.MinSizeRel|Win32.Build.0 = MinSizeRel|Win32
		{D8ED7B51-990C-3890-B68A-B3197B87255D}.RelWithDebInfo|Win32.ActiveCfg = RelWithDebInfo|Win32
		{D8ED7B51-990C-3890-B68A-B3197B87255D}.RelWithDebInfo|Win32.Build.0 = RelWithDebInfo|Win32
		{52C9EC44-1F1C-3987-BC50-A51A7A084BC5}.Debug|Win32.ActiveCfg = Debug|Win32
		{52C9EC44-1F1C-3987-BC50-A51A7A084BC5}.Debug|Win32.Build.0 = Debug|Win32
		{52C9EC44-1F1C-3987-BC50-A51A7A084BC5}.Release|Win32.ActiveCfg = Release|Win32
		{52C9EC44-1F1C-3987-BC50-A51A7A084BC5}.Release|Win32.Build.0 = Release|Win32
		{52C9EC44-1F1C-3987-BC50-A51A7A084BC5}.MinSizeRel|Win32.ActiveCfg = MinSizeRel|Win32
		{52C9EC44-1F1C-3987-BC50-A51A7A084BC5}.MinSizeRel|Win32.Build.0 = MinSizeRel|Win32
		{52C9EC44-1F1C-3987-BC50-A51A7A084BC5}.RelWithDebInfo|Win32.ActiveCfg = RelWithDebInfo|Win32
		{52C9EC44-1F1C-3987-BC50-A51A7A084BC5}.RelWithDebInfo|Win32.Build.0 = RelWithDebInfo|Win32
	EndGlobalSection
	GlobalSection(NestedProjects) = preSolution
		{4C132D53-19C8-32DE-9F51-3F7728E96AEA} = {C3CAAB3D-4C1C-3631-89E0-80A63343B5BE}
		{20DC55DD-3D6F-32F9-A49A-9D925B725F60} = {C3CAAB3D-4C1C-3631-89E0-80A63343B5BE}
		{2224102E-E7C4-3E7A-85E0-644A368DCD06} = {3DC6B2DC-19C6-3D89-A425-1D0B7213B4F9}
		{760B7056-7455-3774-9E42-ABB39D650231} = {3DC6B2DC-19C6-3D89-A425-1D0B7213B4F9}
		{C0553E75-F600-33B9-B7E4-5805F83CBA8D} = {3DC6B2DC-19C6-3D89-A425-1D0B7213B4F9}
		{75D64595-648C-3AF1-8DD0-C42D49CBA673} = {3DC6B2DC-19C6-3D89-A425-1D0B7213B4F9}
		{9FB2642F-D457-3771-A49B-DD20DB1BF549} = {3DC6B2DC-19C6-3D89-A425-1D0B7213B4F9}
		{80010923-075B-3C9B-8C2E-354C84B45E23} = {3DC6B2DC-19C6-3D89-A425-1D0B7213B4F9}
		{A64B386E-5597-35F2-8540-5F6CAF566D88} = {3DC6B2DC-19C6-3D89-A425-1D0B7213B4F9}
		{D7F7AA28-30B3-3C12-B043-9A65B7C787B1} = {3DC6B2DC-19C6-3D89-A425-1D0B7213B4F9}
		{2BF03A65-EB89-33E9-B7DF-3D5C905B93CA} = {3DC6B2DC-19C6-3D89-A425-1D0B7213B4F9}
		{D8ED7B51-990C-3890-B68A-B3197B87255D} = {3DC6B2DC-19C6-3D89-A425-1D0B7213B4F9}
		{52C9EC44-1F1C-3987-BC50-A51A7A084BC5} = {3DC6B2DC-19C6-3D89-A425-1D0B7213B4F9}
		{CD8A8C3E-4BA1-321A-B282-80FD2B871204} = {93C642F9-9E86-3F26-B2EE-D4FFD0B96292}
		{28402E56-0428-3749-89AD-0A18221FFF33} = {FF1F7234-2382-3F71-A597-23907836BD60}
	EndGlobalSection
	GlobalSection(ExtensibilityGlobals) = postSolution
		SolutionGuid = {56AC63E5-EB63-3A78-8F06-59CBB8BC28FE}
	EndGlobalSection
	GlobalSection(ExtensibilityAddIns) = postSolution
	EndGlobalSection
EndGlobal
